
Microsoft Visual Studio Solution File, Format Version 12.00
# Visual Studio 15
Project("{FAE04EC0-301F-11D3-BF4B-00C04F79EFBC}") = "Assembly-CSharp", "Assembly-CSharp.csproj", "{DA64FC81-AC56-C835-2A0F-FFFB525F7AA2}"
EndProject
Project("{FAE04EC0-301F-11D3-BF4B-00C04F79EFBC}") = "Assembly-CSharp-firstpass", "Assembly-CSharp-firstpass.csproj", "{806BEA97-E189-DB1C-5502-C1C0B204301C}"
EndProject
Global
	GlobalSection(SolutionConfigurationPlatforms) = preSolution
		Debug|Any CPU = Debug|Any CPU
		Release|Any CPU = Release|Any CPU
	EndGlobalSection
	GlobalSection(ProjectConfigurationPlatforms) = postSolution
		{DA64FC81-AC56-C835-2A0F-FFFB525F7AA2}.Debug|Any CPU.ActiveCfg = Debug|Any CPU
		{DA64FC81-AC56-C835-2A0F-FFFB525F7AA2}.Debug|Any CPU.Build.0 = Debug|Any CPU
		{DA64FC81-AC56-C835-2A0F-FFFB525F7AA2}.Release|Any CPU.ActiveCfg = Release|Any CPU
		{DA64FC81-AC56-C835-2A0F-FFFB525F7AA2}.Release|Any CPU.Build.0 = Release|Any CPU
		{806BEA97-E189-DB1C-5502-C1C0B204301C}.Debug|Any CPU.ActiveCfg = Debug|Any CPU
		{806BEA97-E189-DB1C-5502-C1C0B204301C}.Debug|Any CPU.Build.0 = Debug|Any CPU
		{806BEA97-E189-DB1C-5502-C1C0B204301C}.Release|Any CPU.ActiveCfg = Release|Any CPU
		{806BEA97-E189-DB1C-5502-C1C0B204301C}.Release|Any CPU.Build.0 = Release|Any CPU
	EndGlobalSection
	GlobalSection(SolutionProperties) = preSolution
		HideSolutionNode = FALSE
	EndGlobalSection
EndGlobal
