
Microsoft Visual Studio Solution File, Format Version 12.00
# Visual Studio 15
Project("{FAE04EC0-301F-11D3-BF4B-00C04F79EFBC}") = "Assembly-CSharp", "Assembly-CSharp.csproj", "{EAE8829A-A560-ACED-9BED-D64FBE3235EE}"
EndProject
Project("{FAE04EC0-301F-11D3-BF4B-00C04F79EFBC}") = "Nobi.UiRoundedCorners", "Nobi.UiRoundedCorners.csproj", "{B472DD9B-6705-3F84-0DF3-6537EA837F74}"
EndProject
Project("{FAE04EC0-301F-11D3-BF4B-00C04F79EFBC}") = "Assembly-CSharp-firstpass", "Assembly-CSharp-firstpass.csproj", "{12D951D6-E572-EBA5-70D8-1E884BCD5238}"
EndProject
Global
	GlobalSection(SolutionConfigurationPlatforms) = preSolution
		Debug|Any CPU = Debug|Any CPU
		Release|Any CPU = Release|Any CPU
	EndGlobalSection
	GlobalSection(ProjectConfigurationPlatforms) = postSolution
		{EAE8829A-A560-ACED-9BED-D64FBE3235EE}.Debug|Any CPU.ActiveCfg = Debug|Any CPU
		{EAE8829A-A560-ACED-9BED-D64FBE3235EE}.Debug|Any CPU.Build.0 = Debug|Any CPU
		{EAE8829A-A560-ACED-9BED-D64FBE3235EE}.Release|Any CPU.ActiveCfg = Release|Any CPU
		{EAE8829A-A560-ACED-9BED-D64FBE3235EE}.Release|Any CPU.Build.0 = Release|Any CPU
		{B472DD9B-6705-3F84-0DF3-6537EA837F74}.Debug|Any CPU.ActiveCfg = Debug|Any CPU
		{B472DD9B-6705-3F84-0DF3-6537EA837F74}.Debug|Any CPU.Build.0 = Debug|Any CPU
		{B472DD9B-6705-3F84-0DF3-6537EA837F74}.Release|Any CPU.ActiveCfg = Release|Any CPU
		{B472DD9B-6705-3F84-0DF3-6537EA837F74}.Release|Any CPU.Build.0 = Release|Any CPU
		{12D951D6-E572-EBA5-70D8-1E884BCD5238}.Debug|Any CPU.ActiveCfg = Debug|Any CPU
		{12D951D6-E572-EBA5-70D8-1E884BCD5238}.Debug|Any CPU.Build.0 = Debug|Any CPU
		{12D951D6-E572-EBA5-70D8-1E884BCD5238}.Release|Any CPU.ActiveCfg = Release|Any CPU
		{12D951D6-E572-EBA5-70D8-1E884BCD5238}.Release|Any CPU.Build.0 = Release|Any CPU
	EndGlobalSection
	GlobalSection(SolutionProperties) = preSolution
		HideSolutionNode = FALSE
	EndGlobalSection
EndGlobal
